
Microsoft Visual Studio Solution File, Format Version 12.00
# Visual Studio Version 17
VisualStudioVersion = 17.1.32421.90
MinimumVisualStudioVersion = 10.0.40219.1
Project("{2150E333-8FDC-42A3-9474-1A3956D46DE8}") = "src", "src", "{8C49774F-7A89-464E-91D3-2E0F2375F1E6}"
EndProject
Project("{2150E333-8FDC-42A3-9474-1A3956D46DE8}") = "1.ui", "1.ui", "{1957AF1E-3A61-476C-8944-98AD2B4CF88F}"
EndProject
Project("{2150E333-8FDC-42A3-9474-1A3956D46DE8}") = "2.core", "2.core", "{4B423454-7775-4AD0-B5A4-56F4B5D790A2}"
EndProject
Project("{2150E333-8FDC-42A3-9474-1A3956D46DE8}") = "3.infrastructure", "3.infrastructure", "{E241A86C-B504-4460-AC9F-E4ADD9A80B57}"
EndProject
Project("{2150E333-8FDC-42A3-9474-1A3956D46DE8}") = "test", "test", "{4E82C6A6-3C13-4C89-9A73-065CDD102668}"
EndProject
Project("{9A19103F-16F7-4668-BE54-9A1E7A4F7556}") = "EVialConfig.Api", "EVialConfig.Api\EVialConfig.Api.csproj", "{4B30CCAE-76CB-41A8-AF95-AC0A6B929064}"
EndProject
Project("{9A19103F-16F7-4668-BE54-9A1E7A4F7556}") = "EVialConfig.Application", "EVialConfig.Application\EVialConfig.Application.csproj", "{ACAA0AA0-3DEC-41CD-A725-09BEE4EC1209}"
EndProject
Project("{9A19103F-16F7-4668-BE54-9A1E7A4F7556}") = "EVialConfig.Domain", "EVialConfig.Domain\EVialConfig.Domain.csproj", "{9FF0D2BB-5327-412B-9238-0555E716A6F6}"
EndProject
Project("{9A19103F-16F7-4668-BE54-9A1E7A4F7556}") = "EVialConfig.Infra.Data", "EVialConfig.Infra.Data\EVialConfig.Infra.Data.csproj", "{6CE24C15-CC4C-4A7F-B69F-8FDAEE4CCCFC}"
EndProject
Project("{9A19103F-16F7-4668-BE54-9A1E7A4F7556}") = "EVialConfig.Infra.IoC", "EVialConfig.Infra.IoC\EVialConfig.Infra.IoC.csproj", "{B345AEF6-AB8C-41D0-9423-CB281D37230F}"
EndProject
Project("{9A19103F-16F7-4668-BE54-9A1E7A4F7556}") = "EVialConfig.Infra.Background", "EVialConfig.Infra.Background\EVialConfig.Infra.Background.csproj", "{55D79DA9-3481-4C50-BE4D-EE6F68CC2652}"
EndProject
Project("{FAE04EC0-301F-11D3-BF4B-00C04F79EFBC}") = "EVialConfig.UnitTest", "EVialConfig.UnitTest\EVialConfig.UnitTest.csproj", "{17054B42-4FBE-4F62-8B7D-2119A1A395E5}"
EndProject
Global
	GlobalSection(SolutionConfigurationPlatforms) = preSolution
		Debug|Any CPU = Debug|Any CPU
		Release|Any CPU = Release|Any CPU
	EndGlobalSection
	GlobalSection(ProjectConfigurationPlatforms) = postSolution
		{4B30CCAE-76CB-41A8-AF95-AC0A6B929064}.Debug|Any CPU.ActiveCfg = Debug|Any CPU
		{4B30CCAE-76CB-41A8-AF95-AC0A6B929064}.Debug|Any CPU.Build.0 = Debug|Any CPU
		{4B30CCAE-76CB-41A8-AF95-AC0A6B929064}.Release|Any CPU.ActiveCfg = Release|Any CPU
		{4B30CCAE-76CB-41A8-AF95-AC0A6B929064}.Release|Any CPU.Build.0 = Release|Any CPU
		{ACAA0AA0-3DEC-41CD-A725-09BEE4EC1209}.Debug|Any CPU.ActiveCfg = Debug|Any CPU
		{ACAA0AA0-3DEC-41CD-A725-09BEE4EC1209}.Debug|Any CPU.Build.0 = Debug|Any CPU
		{ACAA0AA0-3DEC-41CD-A725-09BEE4EC1209}.Release|Any CPU.ActiveCfg = Release|Any CPU
		{ACAA0AA0-3DEC-41CD-A725-09BEE4EC1209}.Release|Any CPU.Build.0 = Release|Any CPU
		{9FF0D2BB-5327-412B-9238-0555E716A6F6}.Debug|Any CPU.ActiveCfg = Debug|Any CPU
		{9FF0D2BB-5327-412B-9238-0555E716A6F6}.Debug|Any CPU.Build.0 = Debug|Any CPU
		{9FF0D2BB-5327-412B-9238-0555E716A6F6}.Release|Any CPU.ActiveCfg = Release|Any CPU
		{9FF0D2BB-5327-412B-9238-0555E716A6F6}.Release|Any CPU.Build.0 = Release|Any CPU
		{6CE24C15-CC4C-4A7F-B69F-8FDAEE4CCCFC}.Debug|Any CPU.ActiveCfg = Debug|Any CPU
		{6CE24C15-CC4C-4A7F-B69F-8FDAEE4CCCFC}.Debug|Any CPU.Build.0 = Debug|Any CPU
		{6CE24C15-CC4C-4A7F-B69F-8FDAEE4CCCFC}.Release|Any CPU.ActiveCfg = Release|Any CPU
		{6CE24C15-CC4C-4A7F-B69F-8FDAEE4CCCFC}.Release|Any CPU.Build.0 = Release|Any CPU
		{B345AEF6-AB8C-41D0-9423-CB281D37230F}.Debug|Any CPU.ActiveCfg = Debug|Any CPU
		{B345AEF6-AB8C-41D0-9423-CB281D37230F}.Debug|Any CPU.Build.0 = Debug|Any CPU
		{B345AEF6-AB8C-41D0-9423-CB281D37230F}.Release|Any CPU.ActiveCfg = Release|Any CPU
		{B345AEF6-AB8C-41D0-9423-CB281D37230F}.Release|Any CPU.Build.0 = Release|Any CPU
		{55D79DA9-3481-4C50-BE4D-EE6F68CC2652}.Debug|Any CPU.ActiveCfg = Debug|Any CPU
		{55D79DA9-3481-4C50-BE4D-EE6F68CC2652}.Debug|Any CPU.Build.0 = Debug|Any CPU
		{55D79DA9-3481-4C50-BE4D-EE6F68CC2652}.Release|Any CPU.ActiveCfg = Release|Any CPU
		{55D79DA9-3481-4C50-BE4D-EE6F68CC2652}.Release|Any CPU.Build.0 = Release|Any CPU
		{17054B42-4FBE-4F62-8B7D-2119A1A395E5}.Debug|Any CPU.ActiveCfg = Debug|Any CPU
		{17054B42-4FBE-4F62-8B7D-2119A1A395E5}.Debug|Any CPU.Build.0 = Debug|Any CPU
		{17054B42-4FBE-4F62-8B7D-2119A1A395E5}.Release|Any CPU.ActiveCfg = Release|Any CPU
		{17054B42-4FBE-4F62-8B7D-2119A1A395E5}.Release|Any CPU.Build.0 = Release|Any CPU
	EndGlobalSection
	GlobalSection(SolutionProperties) = preSolution
		HideSolutionNode = FALSE
	EndGlobalSection
	GlobalSection(NestedProjects) = preSolution
		{1957AF1E-3A61-476C-8944-98AD2B4CF88F} = {8C49774F-7A89-464E-91D3-2E0F2375F1E6}
		{4B423454-7775-4AD0-B5A4-56F4B5D790A2} = {8C49774F-7A89-464E-91D3-2E0F2375F1E6}
		{E241A86C-B504-4460-AC9F-E4ADD9A80B57} = {8C49774F-7A89-464E-91D3-2E0F2375F1E6}
		{4B30CCAE-76CB-41A8-AF95-AC0A6B929064} = {1957AF1E-3A61-476C-8944-98AD2B4CF88F}
		{ACAA0AA0-3DEC-41CD-A725-09BEE4EC1209} = {4B423454-7775-4AD0-B5A4-56F4B5D790A2}
		{9FF0D2BB-5327-412B-9238-0555E716A6F6} = {4B423454-7775-4AD0-B5A4-56F4B5D790A2}
		{6CE24C15-CC4C-4A7F-B69F-8FDAEE4CCCFC} = {E241A86C-B504-4460-AC9F-E4ADD9A80B57}
		{B345AEF6-AB8C-41D0-9423-CB281D37230F} = {E241A86C-B504-4460-AC9F-E4ADD9A80B57}
		{55D79DA9-3481-4C50-BE4D-EE6F68CC2652} = {E241A86C-B504-4460-AC9F-E4ADD9A80B57}
		{17054B42-4FBE-4F62-8B7D-2119A1A395E5} = {4E82C6A6-3C13-4C89-9A73-065CDD102668}
	EndGlobalSection
	GlobalSection(ExtensibilityGlobals) = postSolution
		SolutionGuid = {0AD8EC67-9B7B-4208-AD35-4A8531420D10}
	EndGlobalSection
EndGlobal
